lockfileVersion: '9.0'

settings:
  autoInstallPeers: true
  excludeLinksFromLockfile: false

importers:

  .:
    dependencies:
      as-bind:
        specifier: file:../..
        version: file:../..(@assemblyscript/loader@0.27.23)(assemblyscript@0.27.23)

packages:

  '@assemblyscript/loader@0.27.23':
    resolution: {integrity: sha512-ViqcdUR4/RskDJwq1H9Divb1cqY+LPXf++FMGgrrZboZI/JXWXwRH1M7HSByK6AwUDpLFrsY+ijW5eLrsVsbFQ==}

  as-bind@file:../..:
    resolution: {directory: ../.., type: directory}
    peerDependencies:
      '@assemblyscript/loader': 0.27.x
      assemblyscript: 0.27.x

  assemblyscript@0.27.23:
    resolution: {integrity: sha512-+oLTB2IapORXof+bel+HliNUuEScUW4jpBIwV3Y4fDGiT0cu1qI+AJ1SG2RbJqvMo7fbUBGXv2ESq3iE9hK2rQ==}
    engines: {node: '>=16', npm: '>=7'}
    hasBin: true

  binaryen@116.0.0-nightly.20240114:
    resolution: {integrity: sha512-0GZrojJnuhoe+hiwji7QFaL3tBlJoA+KFUN7ouYSDGZLSo9CKM8swQX8n/UcbR0d1VuZKU+nhogNzv423JEu5A==}
    hasBin: true

  long@5.2.3:
    resolution: {integrity: sha512-lcHwpNoggQTObv5apGNCTdJrO69eHOZMi4BNC+rTLER8iHAqGrUVeLh/irVIM7zTw2bOXA8T6uNPeujwOLg/2Q==}

snapshots:

  '@assemblyscript/loader@0.27.23': {}

  as-bind@file:../..(@assemblyscript/loader@0.27.23)(assemblyscript@0.27.23):
    dependencies:
      '@assemblyscript/loader': 0.27.23
      assemblyscript: 0.27.23

  assemblyscript@0.27.23:
    dependencies:
      binaryen: 116.0.0-nightly.20240114
      long: 5.2.3

  binaryen@116.0.0-nightly.20240114: {}

  long@5.2.3: {}
